{
  "nodes": {
    "home-manager": {
      "inputs": {
        "nixpkgs": [
          "nixpkgs"
        ],
        "utils": "utils"
      },
      "locked": {
        "lastModified": 1669740584,
        "narHash": "sha256-rHxz/olYeCx9GHjJTZElkVCVo4aXaP9FNaQ8oyCLz9A=",
        "owner": "nix-community",
        "repo": "home-manager",
        "rev": "3b0a446bbf29cfeb78e0d1a8210bdf6fae8efccd",
        "type": "github"
      },
      "original": {
        "owner": "nix-community",
        "repo": "home-manager",
        "type": "github"
      }
    },
    "nixos-hardware": {
      "locked": {
        "lastModified": 1669650994,
        "narHash": "sha256-uwASLUfedIQ5q01TtMwZDEV2HCZr5nVPZjzVgCG+D5I=",
        "owner": "NixOS",
        "repo": "nixos-hardware",
        "rev": "7883883d135ce5b7eae5dce4bfa12262b85c1c46",
        "type": "github"
      },
      "original": {
        "owner": "NixOS",
        "repo": "nixos-hardware",
        "type": "github"
      }
    },
    "nixpkgs": {
      "locked": {
        "lastModified": 1669542132,
        "narHash": "sha256-DRlg++NJAwPh8io3ExBJdNW7Djs3plVI5jgYQ+iXAZQ=",
        "owner": "nixos",
        "repo": "nixpkgs",
        "rev": "a115bb9bd56831941be3776c8a94005867f316a7",
        "type": "github"
      },
      "original": {
        "owner": "nixos",
        "ref": "nixos-unstable",
        "repo": "nixpkgs",
        "type": "github"
      }
    },
    "nixpkgs-stable": {
      "locked": {
        "lastModified": 1669546925,
        "narHash": "sha256-Gvtk9agz88tBgqmCdHl5U7gYttTkiuEd8/Rq1Im0pTg=",
        "owner": "nixos",
        "repo": "nixpkgs",
        "rev": "fecf05d4861f3985e8dee73f08bc82668ef75125",
        "type": "github"
      },
      "original": {
        "owner": "nixos",
        "ref": "nixos-22.05",
        "repo": "nixpkgs",
        "type": "github"
      }
    },
    "nur": {
      "locked": {
        "lastModified": 1669796619,
        "narHash": "sha256-vMproIVxeZTe/UvGiqbjO/6YjoqT3X1Kyt336YjaFY4=",
        "owner": "nix-community",
        "repo": "NUR",
        "rev": "ddf6e8ba0781ac1d5d9e85d6d87163096570e084",
        "type": "github"
      },
      "original": {
        "owner": "nix-community",
        "repo": "NUR",
        "type": "github"
      }
    },
    "root": {
      "inputs": {
        "home-manager": "home-manager",
        "nixos-hardware": "nixos-hardware",
        "nixpkgs": "nixpkgs",
        "nixpkgs-stable": "nixpkgs-stable",
        "nur": "nur"
      }
    },
    "utils": {
      "locked": {
        "lastModified": 1667395993,
        "narHash": "sha256-nuEHfE/LcWyuSWnS8t12N1wc105Qtau+/OdUAjtQ0rA=",
        "owner": "numtide",
        "repo": "flake-utils",
        "rev": "5aed5285a952e0b949eb3ba02c12fa4fcfef535f",
        "type": "github"
      },
      "original": {
        "owner": "numtide",
        "repo": "flake-utils",
        "type": "github"
      }
    }
  },
  "root": "root",
  "version": 7
}
